
Microsoft Visual Studio Solution File, Format Version 12.00
# Visual Studio Version 17
VisualStudioVersion = 17.7.34202.233
MinimumVisualStudioVersion = 10.0.40219.1
Project("{FAE04EC0-301F-11D3-BF4B-00C04F79EFBC}") = "MovieIndex", "MovieIndex.csproj", "{1CCEEA84-79AE-4FD1-ABC0-3BA0F8176A0A}"
EndProject
Project("{FAE04EC0-301F-11D3-BF4B-00C04F79EFBC}") = "MovieUnitTest", "..\MovieUnitTest\MovieUnitTest.csproj", "{D076B087-583C-4D2F-A969-8BCDC6759BD5}"
EndProject
Global
	GlobalSection(SolutionConfigurationPlatforms) = preSolution
		Debug|Any CPU = Debug|Any CPU
		Release|Any CPU = Release|Any CPU
	EndGlobalSection
	GlobalSection(ProjectConfigurationPlatforms) = postSolution
		{1CCEEA84-79AE-4FD1-ABC0-3BA0F8176A0A}.Debug|Any CPU.ActiveCfg = Debug|Any CPU
		{1CCEEA84-79AE-4FD1-ABC0-3BA0F8176A0A}.Debug|Any CPU.Build.0 = Debug|Any CPU
		{1CCEEA84-79AE-4FD1-ABC0-3BA0F8176A0A}.Release|Any CPU.ActiveCfg = Release|Any CPU
		{1CCEEA84-79AE-4FD1-ABC0-3BA0F8176A0A}.Release|Any CPU.Build.0 = Release|Any CPU
		{D076B087-583C-4D2F-A969-8BCDC6759BD5}.Debug|Any CPU.ActiveCfg = Debug|Any CPU
		{D076B087-583C-4D2F-A969-8BCDC6759BD5}.Debug|Any CPU.Build.0 = Debug|Any CPU
		{D076B087-583C-4D2F-A969-8BCDC6759BD5}.Release|Any CPU.ActiveCfg = Release|Any CPU
		{D076B087-583C-4D2F-A969-8BCDC6759BD5}.Release|Any CPU.Build.0 = Release|Any CPU
	EndGlobalSection
	GlobalSection(SolutionProperties) = preSolution
		HideSolutionNode = FALSE
	EndGlobalSection
	GlobalSection(ExtensibilityGlobals) = postSolution
		SolutionGuid = {95AEE680-0386-4A33-B5F3-D58C422CB4FE}
	EndGlobalSection
EndGlobal
